Microsoft Visual Studio Solution File, Format Version 12.00
# Visual Studio Version 17
VisualStudioVersion = 17.5.2.0
MinimumVisualStudioVersion = 10.0.40219.1
Project("{FAE04EC0-301F-11D3-BF4B-00C04F79EFBC}") = "BasketApi", "BasketApi\BasketApi.csproj", "{2ABA07D4-04E2-7F55-9593-9CF8FF9816D4}"
EndProject
Global
	GlobalSection(SolutionConfigurationPlatforms) = preSolution
		Debug|Any CPU = Debug|Any CPU
		Release|Any CPU = Release|Any CPU
	EndGlobalSection
	GlobalSection(ProjectConfigurationPlatforms) = postSolution
		{2ABA07D4-04E2-7F55-9593-9CF8FF9816D4}.Debug|Any CPU.ActiveCfg = Debug|Any CPU
		{2ABA07D4-04E2-7F55-9593-9CF8FF9816D4}.Debug|Any CPU.Build.0 = Debug|Any CPU
		{2ABA07D4-04E2-7F55-9593-9CF8FF9816D4}.Release|Any CPU.ActiveCfg = Release|Any CPU
		{2ABA07D4-04E2-7F55-9593-9CF8FF9816D4}.Release|Any CPU.Build.0 = Release|Any CPU
	EndGlobalSection
	GlobalSection(SolutionProperties) = preSolution
		HideSolutionNode = FALSE
	EndGlobalSection
	GlobalSection(ExtensibilityGlobals) = postSolution
		SolutionGuid = {CB2C12B8-6EB8-4B8E-9F97-D10C0A0DB307}
	EndGlobalSection
EndGlobal
